
Microsoft Visual Studio Solution File, Format Version 12.00
# Visual Studio Version 16
VisualStudioVersion = 16.0.29306.81
MinimumVisualStudioVersion = 10.0.40219.1
Project("{FAE04EC0-301F-11D3-BF4B-00C04F79EFBC}") = "ConsoleApp1", "ConsoleApp1\ConsoleApp1.csproj", "{01C42BA4-1314-4581-A406-184C178F6808}"
EndProject
Project("{FAE04EC0-301F-11D3-BF4B-00C04F79EFBC}") = "ConsoleApp2", "ConsoleApp2\ConsoleApp2.csproj", "{EE2734E3-1A5A-4CA3-980B-40F6298C57B6}"
EndProject
Project("{FAE04EC0-301F-11D3-BF4B-00C04F79EFBC}") = "ConsoleApp3", "ConsoleApp3\ConsoleApp3.csproj", "{12DDB3A7-2D55-4ACB-B09C-C5A388CA5713}"
EndProject
Global
	GlobalSection(SolutionConfigurationPlatforms) = preSolution
		Debug|Any CPU = Debug|Any CPU
		Release|Any CPU = Release|Any CPU
	EndGlobalSection
	GlobalSection(ProjectConfigurationPlatforms) = postSolution
		{01C42BA4-1314-4581-A406-184C178F6808}.Debug|Any CPU.ActiveCfg = Debug|Any CPU
		{01C42BA4-1314-4581-A406-184C178F6808}.Debug|Any CPU.Build.0 = Debug|Any CPU
		{01C42BA4-1314-4581-A406-184C178F6808}.Release|Any CPU.ActiveCfg = Release|Any CPU
		{01C42BA4-1314-4581-A406-184C178F6808}.Release|Any CPU.Build.0 = Release|Any CPU
		{EE2734E3-1A5A-4CA3-980B-40F6298C57B6}.Debug|Any CPU.ActiveCfg = Debug|Any CPU
		{EE2734E3-1A5A-4CA3-980B-40F6298C57B6}.Debug|Any CPU.Build.0 = Debug|Any CPU
		{EE2734E3-1A5A-4CA3-980B-40F6298C57B6}.Release|Any CPU.ActiveCfg = Release|Any CPU
		{EE2734E3-1A5A-4CA3-980B-40F6298C57B6}.Release|Any CPU.Build.0 = Release|Any CPU
		{12DDB3A7-2D55-4ACB-B09C-C5A388CA5713}.Debug|Any CPU.ActiveCfg = Debug|Any CPU
		{12DDB3A7-2D55-4ACB-B09C-C5A388CA5713}.Debug|Any CPU.Build.0 = Debug|Any CPU
		{12DDB3A7-2D55-4ACB-B09C-C5A388CA5713}.Release|Any CPU.ActiveCfg = Release|Any CPU
		{12DDB3A7-2D55-4ACB-B09C-C5A388CA5713}.Release|Any CPU.Build.0 = Release|Any CPU
	EndGlobalSection
	GlobalSection(SolutionProperties) = preSolution
		HideSolutionNode = FALSE
	EndGlobalSection
	GlobalSection(ExtensibilityGlobals) = postSolution
		SolutionGuid = {D56D924F-DF00-43D0-BEF8-AE897B5FFD9C}
	EndGlobalSection
EndGlobal
